
Microsoft Visual Studio Solution File, Format Version 12.00
# Visual Studio Version 16
VisualStudioVersion = 16.0.31729.503
MinimumVisualStudioVersion = 10.0.40219.1
Project("{9A19103F-16F7-4668-BE54-9A1E7A4F7556}") = "FactoryMethod", "FactoryMethod\FactoryMethod.csproj", "{CB50D807-D417-417D-94DA-3A2F203E21BF}"
EndProject
Project("{9A19103F-16F7-4668-BE54-9A1E7A4F7556}") = "AbstractFactory", "AbstractFactory\AbstractFactory.csproj", "{90C0C300-AD6A-4A75-9588-62AB322BD66C}"
EndProject
Project("{9A19103F-16F7-4668-BE54-9A1E7A4F7556}") = "BuilderPattern", "BuilderPattern\BuilderPattern.csproj", "{1B308A02-B624-4C7B-871E-E59CFCDDB0FD}"
EndProject
Project("{9A19103F-16F7-4668-BE54-9A1E7A4F7556}") = "PrototypePattern", "PrototypePattern\PrototypePattern.csproj", "{C83E278D-3910-48F1-BA5D-92BA4D8BFB40}"
EndProject
Project("{9A19103F-16F7-4668-BE54-9A1E7A4F7556}") = "SingeltonPattern", "SingeltonPattern\SingeltonPattern.csproj", "{5C771CCF-9473-4A0C-83F0-BA3D39DA3696}"
EndProject
Project("{FAE04EC0-301F-11D3-BF4B-00C04F79EFBC}") = "AdapterPattern", "AdapterPattern\AdapterPattern.csproj", "{E3498408-6523-4810-8C15-624DAE3AB667}"
EndProject
Project("{FAE04EC0-301F-11D3-BF4B-00C04F79EFBC}") = "FacadePattern", "FacadePattern\FacadePattern.csproj", "{621DCA33-D59F-4563-B0DD-77323CCB1A96}"
EndProject
Project("{FAE04EC0-301F-11D3-BF4B-00C04F79EFBC}") = "CompositePattern", "CompositePattern\CompositePattern.csproj", "{920902F1-A8A8-4B2B-92CC-60AC0BECDC8C}"
EndProject
Project("{FAE04EC0-301F-11D3-BF4B-00C04F79EFBC}") = "DecoratorPattern", "DecoratorPattern\DecoratorPattern.csproj", "{3B35805D-8314-4029-91A3-C420E5A394A1}"
EndProject
Project("{FAE04EC0-301F-11D3-BF4B-00C04F79EFBC}") = "ProxyPattern", "ProxyPattern\ProxyPattern.csproj", "{575DC9BC-D6A6-45C4-8DBD-6945F8F421BB}"
EndProject
Project("{FAE04EC0-301F-11D3-BF4B-00C04F79EFBC}") = "Flywiight", "Flywiight\Flywiight.csproj", "{DB5B959D-8EDC-4577-B263-27789F6CFBA2}"
EndProject
Global
	GlobalSection(SolutionConfigurationPlatforms) = preSolution
		Debug|Any CPU = Debug|Any CPU
		Release|Any CPU = Release|Any CPU
	EndGlobalSection
	GlobalSection(ProjectConfigurationPlatforms) = postSolution
		{CB50D807-D417-417D-94DA-3A2F203E21BF}.Debug|Any CPU.ActiveCfg = Debug|Any CPU
		{CB50D807-D417-417D-94DA-3A2F203E21BF}.Debug|Any CPU.Build.0 = Debug|Any CPU
		{CB50D807-D417-417D-94DA-3A2F203E21BF}.Release|Any CPU.ActiveCfg = Release|Any CPU
		{CB50D807-D417-417D-94DA-3A2F203E21BF}.Release|Any CPU.Build.0 = Release|Any CPU
		{90C0C300-AD6A-4A75-9588-62AB322BD66C}.Debug|Any CPU.ActiveCfg = Debug|Any CPU
		{90C0C300-AD6A-4A75-9588-62AB322BD66C}.Debug|Any CPU.Build.0 = Debug|Any CPU
		{90C0C300-AD6A-4A75-9588-62AB322BD66C}.Release|Any CPU.ActiveCfg = Release|Any CPU
		{90C0C300-AD6A-4A75-9588-62AB322BD66C}.Release|Any CPU.Build.0 = Release|Any CPU
		{1B308A02-B624-4C7B-871E-E59CFCDDB0FD}.Debug|Any CPU.ActiveCfg = Debug|Any CPU
		{1B308A02-B624-4C7B-871E-E59CFCDDB0FD}.Debug|Any CPU.Build.0 = Debug|Any CPU
		{1B308A02-B624-4C7B-871E-E59CFCDDB0FD}.Release|Any CPU.ActiveCfg = Release|Any CPU
		{1B308A02-B624-4C7B-871E-E59CFCDDB0FD}.Release|Any CPU.Build.0 = Release|Any CPU
		{C83E278D-3910-48F1-BA5D-92BA4D8BFB40}.Debug|Any CPU.ActiveCfg = Debug|Any CPU
		{C83E278D-3910-48F1-BA5D-92BA4D8BFB40}.Debug|Any CPU.Build.0 = Debug|Any CPU
		{C83E278D-3910-48F1-BA5D-92BA4D8BFB40}.Release|Any CPU.ActiveCfg = Release|Any CPU
		{C83E278D-3910-48F1-BA5D-92BA4D8BFB40}.Release|Any CPU.Build.0 = Release|Any CPU
		{5C771CCF-9473-4A0C-83F0-BA3D39DA3696}.Debug|Any CPU.ActiveCfg = Debug|Any CPU
		{5C771CCF-9473-4A0C-83F0-BA3D39DA3696}.Debug|Any CPU.Build.0 = Debug|Any CPU
		{5C771CCF-9473-4A0C-83F0-BA3D39DA3696}.Release|Any CPU.ActiveCfg = Release|Any CPU
		{5C771CCF-9473-4A0C-83F0-BA3D39DA3696}.Release|Any CPU.Build.0 = Release|Any CPU
		{E3498408-6523-4810-8C15-624DAE3AB667}.Debug|Any CPU.ActiveCfg = Debug|Any CPU
		{E3498408-6523-4810-8C15-624DAE3AB667}.Debug|Any CPU.Build.0 = Debug|Any CPU
		{E3498408-6523-4810-8C15-624DAE3AB667}.Release|Any CPU.ActiveCfg = Release|Any CPU
		{E3498408-6523-4810-8C15-624DAE3AB667}.Release|Any CPU.Build.0 = Release|Any CPU
		{621DCA33-D59F-4563-B0DD-77323CCB1A96}.Debug|Any CPU.ActiveCfg = Debug|Any CPU
		{621DCA33-D59F-4563-B0DD-77323CCB1A96}.Debug|Any CPU.Build.0 = Debug|Any CPU
		{621DCA33-D59F-4563-B0DD-77323CCB1A96}.Release|Any CPU.ActiveCfg = Release|Any CPU
		{621DCA33-D59F-4563-B0DD-77323CCB1A96}.Release|Any CPU.Build.0 = Release|Any CPU
		{920902F1-A8A8-4B2B-92CC-60AC0BECDC8C}.Debug|Any CPU.ActiveCfg = Debug|Any CPU
		{920902F1-A8A8-4B2B-92CC-60AC0BECDC8C}.Debug|Any CPU.Build.0 = Debug|Any CPU
		{920902F1-A8A8-4B2B-92CC-60AC0BECDC8C}.Release|Any CPU.ActiveCfg = Release|Any CPU
		{920902F1-A8A8-4B2B-92CC-60AC0BECDC8C}.Release|Any CPU.Build.0 = Release|Any CPU
		{3B35805D-8314-4029-91A3-C420E5A394A1}.Debug|Any CPU.ActiveCfg = Debug|Any CPU
		{3B35805D-8314-4029-91A3-C420E5A394A1}.Debug|Any CPU.Build.0 = Debug|Any CPU
		{3B35805D-8314-4029-91A3-C420E5A394A1}.Release|Any CPU.ActiveCfg = Release|Any CPU
		{3B35805D-8314-4029-91A3-C420E5A394A1}.Release|Any CPU.Build.0 = Release|Any CPU
		{575DC9BC-D6A6-45C4-8DBD-6945F8F421BB}.Debug|Any CPU.ActiveCfg = Debug|Any CPU
		{575DC9BC-D6A6-45C4-8DBD-6945F8F421BB}.Debug|Any CPU.Build.0 = Debug|Any CPU
		{575DC9BC-D6A6-45C4-8DBD-6945F8F421BB}.Release|Any CPU.ActiveCfg = Release|Any CPU
		{575DC9BC-D6A6-45C4-8DBD-6945F8F421BB}.Release|Any CPU.Build.0 = Release|Any CPU
		{DB5B959D-8EDC-4577-B263-27789F6CFBA2}.Debug|Any CPU.ActiveCfg = Debug|Any CPU
		{DB5B959D-8EDC-4577-B263-27789F6CFBA2}.Debug|Any CPU.Build.0 = Debug|Any CPU
		{DB5B959D-8EDC-4577-B263-27789F6CFBA2}.Release|Any CPU.ActiveCfg = Release|Any CPU
		{DB5B959D-8EDC-4577-B263-27789F6CFBA2}.Release|Any CPU.Build.0 = Release|Any CPU
	EndGlobalSection
	GlobalSection(SolutionProperties) = preSolution
		HideSolutionNode = FALSE
	EndGlobalSection
	GlobalSection(ExtensibilityGlobals) = postSolution
		SolutionGuid = {C83C47B1-F4AF-4775-945A-A16D7FEC66FB}
	EndGlobalSection
EndGlobal
